// !$*UTF8*$!
{
	archiveVersion = 1;
	classes = {
	};
	objectVersion = 50;
	objects = {

/* Begin PBXBuildFile section */
		8773652824ADA2B8001EE6A2 /* AppDelegate.swift in Sources */ = {isa = PBXBuildFile; fileRef = 8773652724ADA2B8001EE6A2 /* AppDelegate.swift */; };
		8773652A24ADA2B8001EE6A2 /* SceneDelegate.swift in Sources */ = {isa = PBXBuildFile; fileRef = 8773652924ADA2B8001EE6A2 /* SceneDelegate.swift */; };
		8773652C24ADA2B8001EE6A2 /* EmojiMemoryGameView.swift in Sources */ = {isa = PBXBuildFile; fileRef = 8773652B24ADA2B8001EE6A2 /* EmojiMemoryGameView.swift */; };
		8773652E24ADA2B8001EE6A2 /* Assets.xcassets in Resources */ = {isa = PBXBuildFile; fileRef = 8773652D24ADA2B8001EE6A2 /* Assets.xcassets */; };
		8773653124ADA2B8001EE6A2 /* Preview Assets.xcassets in Resources */ = {isa = PBXBuildFile; fileRef = 8773653024ADA2B8001EE6A2 /* Preview Assets.xcassets */; };
		8773653424ADA2B8001EE6A2 /* LaunchScreen.storyboard in Resources */ = {isa = PBXBuildFile; fileRef = 8773653224ADA2B8001EE6A2 /* LaunchScreen.storyboard */; };
		8773653C24B06D9B001EE6A2 /* MemoryGame.swift in Sources */ = {isa = PBXBuildFile; fileRef = 8773653B24B06D9B001EE6A2 /* MemoryGame.swift */; };
		8773653E24B071C1001EE6A2 /* EmojiMemoryGame.swift in Sources */ = {isa = PBXBuildFile; fileRef = 8773653D24B071C1001EE6A2 /* EmojiMemoryGame.swift */; };
		8773654024B582E9001EE6A2 /* Grid.swift in Sources */ = {isa = PBXBuildFile; fileRef = 8773653F24B582E9001EE6A2 /* Grid.swift */; };
		8773654224B5873C001EE6A2 /* GridLayout.swift in Sources */ = {isa = PBXBuildFile; fileRef = 8773654124B5873C001EE6A2 /* GridLayout.swift */; };
		8773654424B58A28001EE6A2 /* Array+Identifiable.swift in Sources */ = {isa = PBXBuildFile; fileRef = 8773654324B58A28001EE6A2 /* Array+Identifiable.swift */; };
		8773654624B9C54F001EE6A2 /* Array+Only.swift in Sources */ = {isa = PBXBuildFile; fileRef = 8773654524B9C54F001EE6A2 /* Array+Only.swift */; };
/* End PBXBuildFile section */

/* Begin PBXFileReference section */
		8773652424ADA2B8001EE6A2 /* Memorize.app */ = {isa = PBXFileReference; explicitFileType = wrapper.application; includeInIndex = 0; path = Memorize.app; sourceTree = BUILT_PRODUCTS_DIR; };
		8773652724ADA2B8001EE6A2 /* AppDelegate.swift */ = {isa = PBXFileReference; lastKnownFileType = sourcecode.swift; path = AppDelegate.swift; sourceTree = "<group>"; };
		8773652924ADA2B8001EE6A2 /* SceneDelegate.swift */ = {isa = PBXFileReference; lastKnownFileType = sourcecode.swift; path = SceneDelegate.swift; sourceTree = "<group>"; };
		8773652B24ADA2B8001EE6A2 /* EmojiMemoryGameView.swift */ = {isa = PBXFileReference; lastKnownFileType = sourcecode.swift; path = EmojiMemoryGameView.swift; sourceTree = "<group>"; };
		8773652D24ADA2B8001EE6A2 /* Assets.xcassets */ = {isa = PBXFileReference; lastKnownFileType = folder.assetcatalog; path = Assets.xcassets; sourceTree = "<group>"; };
		8773653024ADA2B8001EE6A2 /* Preview Assets.xcassets */ = {isa = PBXFileReference; lastKnownFileType = folder.assetcatalog; path = "Preview Assets.xcassets"; sourceTree = "<group>"; };
		8773653324ADA2B8001EE6A2 /* Base */ = {isa = PBXFileReference; lastKnownFileType = file.storyboard; name = Base; path = Base.lproj/LaunchScreen.storyboard; sourceTree = "<group>"; };
		8773653524ADA2B8001EE6A2 /* Info.plist */ = {isa = PBXFileReference; lastKnownFileType = text.plist.xml; path = Info.plist; sourceTree = "<group>"; };
		8773653B24B06D9B001EE6A2 /* MemoryGame.swift */ = {isa = PBXFileReference; lastKnownFileType = sourcecode.swift; path = MemoryGame.swift; sourceTree = "<group>"; };
		8773653D24B071C1001EE6A2 /* EmojiMemoryGame.swift */ = {isa = PBXFileReference; lastKnownFileType = sourcecode.swift; path = EmojiMemoryGame.swift; sourceTree = "<group>"; };
		8773653F24B582E9001EE6A2 /* Grid.swift */ = {isa = PBXFileReference; lastKnownFileType = sourcecode.swift; path = Grid.swift; sourceTree = "<group>"; };
		8773654124B5873C001EE6A2 /* GridLayout.swift */ = {isa = PBXFileReference; fileEncoding = 4; lastKnownFileType = sourcecode.swift; path = GridLayout.swift; sourceTree = "<group>"; };
		8773654324B58A28001EE6A2 /* Array+Identifiable.swift */ = {isa = PBXFileReference; lastKnownFileType = sourcecode.swift; path = "Array+Identifiable.swift"; sourceTree = "<group>"; };
		8773654524B9C54F001EE6A2 /* Array+Only.swift */ = {isa = PBXFileReference; lastKnownFileType = sourcecode.swift; path = "Array+Only.swift"; sourceTree = "<group>"; };
/* End PBXFileReference section */

/* Begin PBXFrameworksBuildPhase section */
		8773652124ADA2B8001EE6A2 /* Frameworks */ = {
			isa = PBXFrameworksBuildPhase;
			buildActionMask = 2147483647;
			files = (
			);
			runOnlyForDeploymentPostprocessing = 0;
		};
/* End PBXFrameworksBuildPhase section */

/* Begin PBXGroup section */
		8773651B24ADA2B8001EE6A2 = {
			isa = PBXGroup;
			children = (
				8773652624ADA2B8001EE6A2 /* Memorize */,
				8773652524ADA2B8001EE6A2 /* Products */,
			);
			sourceTree = "<group>";
		};
		8773652524ADA2B8001EE6A2 /* Products */ = {
			isa = PBXGroup;
			children = (
				8773652424ADA2B8001EE6A2 /* Memorize.app */,
			);
			name = Products;
			sourceTree = "<group>";
		};
		8773652624ADA2B8001EE6A2 /* Memorize */ = {
			isa = PBXGroup;
			children = (
				8773652724ADA2B8001EE6A2 /* AppDelegate.swift */,
				8773652924ADA2B8001EE6A2 /* SceneDelegate.swift */,
				8773652B24ADA2B8001EE6A2 /* EmojiMemoryGameView.swift */,
				8773653F24B582E9001EE6A2 /* Grid.swift */,
				8773654324B58A28001EE6A2 /* Array+Identifiable.swift */,
				8773654524B9C54F001EE6A2 /* Array+Only.swift */,
				8773654124B5873C001EE6A2 /* GridLayout.swift */,
				8773653D24B071C1001EE6A2 /* EmojiMemoryGame.swift */,
				8773653B24B06D9B001EE6A2 /* MemoryGame.swift */,
				8773652D24ADA2B8001EE6A2 /* Assets.xcassets */,
				8773653224ADA2B8001EE6A2 /* LaunchScreen.storyboard */,
				8773653524ADA2B8001EE6A2 /* Info.plist */,
				8773652F24ADA2B8001EE6A2 /* Preview Content */,
			);
			path = Memorize;
			sourceTree = "<group>";
		};
		8773652F24ADA2B8001EE6A2 /* Preview Content */ = {
			isa = PBXGroup;
			children = (
				8773653024ADA2B8001EE6A2 /* Preview Assets.xcassets */,
			);
			path = "Preview Content";
			sourceTree = "<group>";
		};
/* End PBXGroup section */

/* Begin PBXNativeTarget section */
		8773652324ADA2B8001EE6A2 /* Memorize */ = {
			isa = PBXNativeTarget;
			buildConfigurationList = 8773653824ADA2B8001EE6A2 /* Build configuration list for PBXNativeTarget "Memorize" */;
			buildPhases = (
				8773652024ADA2B8001EE6A2 /* Sources */,
				8773652124ADA2B8001EE6A2 /* Frameworks */,
				8773652224ADA2B8001EE6A2 /* Resources */,
			);
			buildRules = (
			);
			dependencies = (
			);
			name = Memorize;
			productName = Memorize;
			productReference = 8773652424ADA2B8001EE6A2 /* Memorize.app */;
			productType = "com.apple.product-type.application";
		};
/* End PBXNativeTarget section */

/* Begin PBXProject section */
		8773651C24ADA2B8001EE6A2 /* Project object */ = {
			isa = PBXProject;
			attributes = {
				LastSwiftUpdateCheck = 1150;
				LastUpgradeCheck = 1150;
				ORGANIZATIONNAME = "Lorand Fazakas";
				TargetAttributes = {
					8773652324ADA2B8001EE6A2 = {
						CreatedOnToolsVersion = 11.5;
					};
				};
			};
			buildConfigurationList = 8773651F24ADA2B8001EE6A2 /* Build configuration list for PBXProject "Memorize" */;
			compatibilityVersion = "Xcode 9.3";
			developmentRegion = en;
			hasScannedForEncodings = 0;
			knownRegions = (
				en,
				Base,
			);
			mainGroup = 8773651B24ADA2B8001EE6A2;
			productRefGroup = 8773652524ADA2B8001EE6A2 /* Products */;
			projectDirPath = "";
			projectRoot = "";
			targets = (
				8773652324ADA2B8001EE6A2 /* Memorize */,
			);
		};
/* End PBXProject section */

/* Begin PBXResourcesBuildPhase section */
		8773652224ADA2B8001EE6A2 /* Resources */ = {
			isa = PBXResourcesBuildPhase;
			buildActionMask = 2147483647;
			files = (
				8773653424ADA2B8001EE6A2 /* LaunchScreen.storyboard in Resources */,
				8773653124ADA2B8001EE6A2 /* Preview Assets.xcassets in Resources */,
				8773652E24ADA2B8001EE6A2 /* Assets.xcassets in Resources */,
			);
			runOnlyForDeploymentPostprocessing = 0;
		};
/* End PBXResourcesBuildPhase section */

/* Begin PBXSourcesBuildPhase section */
		8773652024ADA2B8001EE6A2 /* Sources */ = {
			isa = PBXSourcesBuildPhase;
			buildActionMask = 2147483647;
			files = (
				8773652824ADA2B8001EE6A2 /* AppDelegate.swift in Sources */,
				8773652A24ADA2B8001EE6A2 /* SceneDelegate.swift in Sources */,
				8773653C24B06D9B001EE6A2 /* MemoryGame.swift in Sources */,
				8773654624B9C54F001EE6A2 /* Array+Only.swift in Sources */,
				8773652C24ADA2B8001EE6A2 /* EmojiMemoryGameView.swift in Sources */,
				8773653E24B071C1001EE6A2 /* EmojiMemoryGame.swift in Sources */,
				8773654424B58A28001EE6A2 /* Array+Identifiable.swift in Sources */,
				8773654224B5873C001EE6A2 /* GridLayout.swift in Sources */,
				8773654024B582E9001EE6A2 /* Grid.swift in Sources */,
			);
			runOnlyForDeploymentPostprocessing = 0;
		};
/* End PBXSourcesBuildPhase section */

/* Begin PBXVariantGroup section */
		8773653224ADA2B8001EE6A2 /* LaunchScreen.storyboard */ = {
			isa = PBXVariantGroup;
			children = (
				8773653324ADA2B8001EE6A2 /* Base */,
			);
			name = LaunchScreen.storyboard;
			sourceTree = "<group>";
		};
/* End PBXVariantGroup section */

/* Begin XCBuildConfiguration section */
		8773653624ADA2B8001EE6A2 /* Debug */ = {
			isa = XCBuildConfiguration;
			buildSettings = {
				ALWAYS_SEARCH_USER_PATHS = NO;
				CLANG_ANALYZER_NONNULL = YES;
				CLANG_ANALYZER_NUMBER_OBJECT_CONVERSION = YES_AGGRESSIVE;
				CLANG_CXX_LANGUAGE_STANDARD = "gnu++14";
				CLANG_CXX_LIBRARY = "libc++";
				CLANG_ENABLE_MODULES = YES;
				CLANG_ENABLE_OBJC_ARC = YES;
				CLANG_ENABLE_OBJC_WEAK = YES;
				CLANG_WARN_BLOCK_CAPTURE_AUTORELEASING = YES;
				CLANG_WARN_BOOL_CONVERSION = YES;
				CLANG_WARN_COMMA = YES;
				CLANG_WARN_CONSTANT_CONVERSION = YES;
				CLANG_WARN_DEPRECATED_OBJC_IMPLEMENTATIONS = YES;
				CLANG_WARN_DIRECT_OBJC_ISA_USAGE = YES_ERROR;
				CLANG_WARN_DOCUMENTATION_COMMENTS = YES;
				CLANG_WARN_EMPTY_BODY = YES;
				CLANG_WARN_ENUM_CONVERSION = YES;
				CLANG_WARN_INFINITE_RECURSION = YES;
				CLANG_WARN_INT_CONVERSION = YES;
				CLANG_WARN_NON_LITERAL_NULL_CONVERSION = YES;
				CLANG_WARN_OBJC_IMPLICIT_RETAIN_SELF = YES;
				CLANG_WARN_OBJC_LITERAL_CONVERSION = YES;
				CLANG_WARN_OBJC_ROOT_CLASS = YES_ERROR;
				CLANG_WARN_RANGE_LOOP_ANALYSIS = YES;
				CLANG_WARN_STRICT_PROTOTYPES = YES;
				CLANG_WARN_SUSPICIOUS_MOVE = YES;
				CLANG_WARN_UNGUARDED_AVAILABILITY = YES_AGGRESSIVE;
				CLANG_WARN_UNREACHABLE_CODE = YES;
				CLANG_WARN__DUPLICATE_METHOD_MATCH = YES;
				COPY_PHASE_STRIP = NO;
				DEBUG_INFORMATION_FORMAT = dwarf;
				ENABLE_STRICT_OBJC_MSGSEND = YES;
				ENABLE_TESTABILITY = YES;
				GCC_C_LANGUAGE_STANDARD = gnu11;
				GCC_DYNAMIC_NO_PIC = NO;
				GCC_NO_COMMON_BLOCKS = YES;
				GCC_OPTIMIZATION_LEVEL = 0;
				GCC_PREPROCESSOR_DEFINITIONS = (
					"DEBUG=1",
					"$(inherited)",
				);
				GCC_WARN_64_TO_32_BIT_CONVERSION = YES;
				GCC_WARN_ABOUT_RETURN_TYPE = YES_ERROR;
				GCC_WARN_UNDECLARED_SELECTOR = YES;
				GCC_WARN_UNINITIALIZED_AUTOS = YES_AGGRESSIVE;
				GCC_WARN_UNUSED_FUNCTION = YES;
				GCC_WARN_UNUSED_VARIABLE = YES;
				IPHONEOS_DEPLOYMENT_TARGET = 13.5;
				MTL_ENABLE_DEBUG_INFO = INCLUDE_SOURCE;
				MTL_FAST_MATH = YES;
				ONLY_ACTIVE_ARCH = YES;
				SDKROOT = iphoneos;
				SWIFT_ACTIVE_COMPILATION_CONDITIONS = DEBUG;
				SWIFT_OPTIMIZATION_LEVEL = "-Onone";
			};
			name = Debug;
		};
		8773653724ADA2B8001EE6A2 /* Release */ = {
			isa = XCBuildConfiguration;
			buildSettings = {
				ALWAYS_SEARCH_USER_PATHS = NO;
				CLANG_ANALYZER_NONNULL = YES;
				CLANG_ANALYZER_NUMBER_OBJECT_CONVERSION = YES_AGGRESSIVE;
				CLANG_CXX_LANGUAGE_STANDARD = "gnu++14";
				CLANG_CXX_LIBRARY = "libc++";
				CLANG_ENABLE_MODULES = YES;
				CLANG_ENABLE_OBJC_ARC = YES;
				CLANG_ENABLE_OBJC_WEAK = YES;
				CLANG_WARN_BLOCK_CAPTURE_AUTORELEASING = YES;
				CLANG_WARN_BOOL_CONVERSION = YES;
				CLANG_WARN_COMMA = YES;
				CLANG_WARN_CONSTANT_CONVERSION = YES;
				CLANG_WARN_DEPRECATED_OBJC_IMPLEMENTATIONS = YES;
				CLANG_WARN_DIRECT_OBJC_ISA_USAGE = YES_ERROR;
				CLANG_WARN_DOCUMENTATION_COMMENTS = YES;
				CLANG_WARN_EMPTY_BODY = YES;
				CLANG_WARN_ENUM_CONVERSION = YES;
				CLANG_WARN_INFINITE_RECURSION = YES;
				CLANG_WARN_INT_CONVERSION = YES;
				CLANG_WARN_NON_LITERAL_NULL_CONVERSION = YES;
				CLANG_WARN_OBJC_IMPLICIT_RETAIN_SELF = YES;
				CLANG_WARN_OBJC_LITERAL_CONVERSION = YES;
				CLANG_WARN_OBJC_ROOT_CLASS = YES_ERROR;
				CLANG_WARN_RANGE_LOOP_ANALYSIS = YES;
				CLANG_WARN_STRICT_PROTOTYPES = YES;
				CLANG_WARN_SUSPICIOUS_MOVE = YES;
				CLANG_WARN_UNGUARDED_AVAILABILITY = YES_AGGRESSIVE;
				CLANG_WARN_UNREACHABLE_CODE = YES;
				CLANG_WARN__DUPLICATE_METHOD_MATCH = YES;
				COPY_PHASE_STRIP = NO;
				DEBUG_INFORMATION_FORMAT = "dwarf-with-dsym";
				ENABLE_NS_ASSERTIONS = NO;
				ENABLE_STRICT_OBJC_MSGSEND = YES;
				GCC_C_LANGUAGE_STANDARD = gnu11;
				GCC_NO_COMMON_BLOCKS = YES;
				GCC_WARN_64_TO_32_BIT_CONVERSION = YES;
				GCC_WARN_ABOUT_RETURN_TYPE = YES_ERROR;
				GCC_WARN_UNDECLARED_SELECTOR = YES;
				GCC_WARN_UNINITIALIZED_AUTOS = YES_AGGRESSIVE;
				GCC_WARN_UNUSED_FUNCTION = YES;
				GCC_WARN_UNUSED_VARIABLE = YES;
				IPHONEOS_DEPLOYMENT_TARGET = 13.5;
				MTL_ENABLE_DEBUG_INFO = NO;
				MTL_FAST_MATH = YES;
				SDKROOT = iphoneos;
				SWIFT_COMPILATION_MODE = wholemodule;
				SWIFT_OPTIMIZATION_LEVEL = "-O";
				VALIDATE_PRODUCT = YES;
			};
			name = Release;
		};
		8773653924ADA2B8001EE6A2 /* Debug */ = {
			isa = XCBuildConfiguration;
			buildSettings = {
				ASSETCATALOG_COMPILER_APPICON_NAME = AppIcon;
				CODE_SIGN_STYLE = Automatic;
				DEVELOPMENT_ASSET_PATHS = "\"Memorize/Preview Content\"";
				ENABLE_PREVIEWS = YES;
				INFOPLIST_FILE = Memorize/Info.plist;
				LD_RUNPATH_SEARCH_PATHS = (
					"$(inherited)",
					"@executable_path/Frameworks",
				);
				PRODUCT_BUNDLE_IDENTIFIER = com.lorandfazakas.Memorize;
				PRODUCT_NAME = "$(TARGET_NAME)";
				SWIFT_VERSION = 5.0;
				TARGETED_DEVICE_FAMILY = "1,2";
			};
			name = Debug;
		};
		8773653A24ADA2B8001EE6A2 /* Release */ = {
			isa = XCBuildConfiguration;
			buildSettings = {
				ASSETCATALOG_COMPILER_APPICON_NAME = AppIcon;
				CODE_SIGN_STYLE = Automatic;
				DEVELOPMENT_ASSET_PATHS = "\"Memorize/Preview Content\"";
				ENABLE_PREVIEWS = YES;
				INFOPLIST_FILE = Memorize/Info.plist;
				LD_RUNPATH_SEARCH_PATHS = (
					"$(inherited)",
					"@executable_path/Frameworks",
				);
				PRODUCT_BUNDLE_IDENTIFIER = com.lorandfazakas.Memorize;
				PRODUCT_NAME = "$(TARGET_NAME)";
				SWIFT_VERSION = 5.0;
				TARGETED_DEVICE_FAMILY = "1,2";
			};
			name = Release;
		};
/* End XCBuildConfiguration section */

/* Begin XCConfigurationList section */
		8773651F24ADA2B8001EE6A2 /* Build configuration list for PBXProject "Memorize" */ = {
			isa = XCConfigurationList;
			buildConfigurations = (
				8773653624ADA2B8001EE6A2 /* Debug */,
				8773653724ADA2B8001EE6A2 /* Release */,
			);
			defaultConfigurationIsVisible = 0;
			defaultConfigurationName = Release;
		};
		8773653824ADA2B8001EE6A2 /* Build configuration list for PBXNativeTarget "Memorize" */ = {
			isa = XCConfigurationList;
			buildConfigurations = (
				8773653924ADA2B8001EE6A2 /* Debug */,
				8773653A24ADA2B8001EE6A2 /* Release */,
			);
			defaultConfigurationIsVisible = 0;
			defaultConfigurationName = Release;
		};
/* End XCConfigurationList section */
	};
	rootObject = 8773651C24ADA2B8001EE6A2 /* Project object */;
}
